
Microsoft Visual Studio Solution File, Format Version 12.00
# Visual Studio Version 17
VisualStudioVersion = 17.7.34009.444
MinimumVisualStudioVersion = 10.0.40219.1
Project("{FAE04EC0-301F-11D3-BF4B-00C04F79EFBC}") = "ComparingObjects", "ComparingObjects\ComparingObjects.csproj", "{1818FA09-A60A-4283-B0EC-5486784F94CA}"
EndProject
Global
	GlobalSection(SolutionConfigurationPlatforms) = preSolution
		Debug|Any CPU = Debug|Any CPU
		Release|Any CPU = Release|Any CPU
	EndGlobalSection
	GlobalSection(ProjectConfigurationPlatforms) = postSolution
		{1818FA09-A60A-4283-B0EC-5486784F94CA}.Debug|Any CPU.ActiveCfg = Debug|Any CPU
		{1818FA09-A60A-4283-B0EC-5486784F94CA}.Debug|Any CPU.Build.0 = Debug|Any CPU
		{1818FA09-A60A-4283-B0EC-5486784F94CA}.Release|Any CPU.ActiveCfg = Release|Any CPU
		{1818FA09-A60A-4283-B0EC-5486784F94CA}.Release|Any CPU.Build.0 = Release|Any CPU
	EndGlobalSection
	GlobalSection(SolutionProperties) = preSolution
		HideSolutionNode = FALSE
	EndGlobalSection
	GlobalSection(ExtensibilityGlobals) = postSolution
		SolutionGuid = {15DA6135-A9A1-42C4-841B-A5EB08A779C3}
	EndGlobalSection
EndGlobal
